Microsoft Visual Studio Solution File, Format Version 11.00
# Visual Studio 2010
Project("{91742D3A-63AF-4817-BE4C-C80EDB9397F9}") = "dgfxbase", ".dub/dgfxbase.visualdproj", "{93FCD48D-BF43-4033-BB11-7B942E839043}"
	ProjectSection(ProjectDependencies) = postProject
		{65B809EA-9A81-4555-B1ED-B38059C50870} = {65B809EA-9A81-4555-B1ED-B38059C50870}
		{D4F96072-E232-40D1-9FB3-2F5B4F214F10} = {D4F96072-E232-40D1-9FB3-2F5B4F214F10}
		{CA3777CC-4D37-4209-8DDA-63E7FB722A53} = {CA3777CC-4D37-4209-8DDA-63E7FB722A53}
	EndProjectSection
EndProject
Project("{91742D3A-63AF-4817-BE4C-C80EDB9397F9}") = "derelict-gl3", ".dub/derelict-gl3.visualdproj", "{65B809EA-9A81-4555-B1ED-B38059C50870}"
EndProject
Project("{91742D3A-63AF-4817-BE4C-C80EDB9397F9}") = "derelict-util", ".dub/derelict-util.visualdproj", "{CA3777CC-4D37-4209-8DDA-63E7FB722A53}"
EndProject
Project("{91742D3A-63AF-4817-BE4C-C80EDB9397F9}") = "derelict-sdl2", ".dub/derelict-sdl2.visualdproj", "{D4F96072-E232-40D1-9FB3-2F5B4F214F10}"
EndProject
Global
	GlobalSection(SolutionConfigurationPlatforms) = preSolution
		debug|Win32 = debug|Win32
	EndGlobalSection
	GlobalSection(ProjectConfigurationPlatforms) = postSolution
		{D4F96072-E232-40D1-9FB3-2F5B4F214F10}.debug|Win32.ActiveCfg = debug|Win32
		{D4F96072-E232-40D1-9FB3-2F5B4F214F10}.debug|Win32.Build.0 = debug|Win32
		{CA3777CC-4D37-4209-8DDA-63E7FB722A53}.debug|Win32.ActiveCfg = debug|Win32
		{CA3777CC-4D37-4209-8DDA-63E7FB722A53}.debug|Win32.Build.0 = debug|Win32
		{93FCD48D-BF43-4033-BB11-7B942E839043}.debug|Win32.ActiveCfg = debug|Win32
		{93FCD48D-BF43-4033-BB11-7B942E839043}.debug|Win32.Build.0 = debug|Win32
		{65B809EA-9A81-4555-B1ED-B38059C50870}.debug|Win32.ActiveCfg = debug|Win32
		{65B809EA-9A81-4555-B1ED-B38059C50870}.debug|Win32.Build.0 = debug|Win32
	EndGlobalSection
	GlobalSection(SolutionProperties) = preSolution
		HideSolutionNode = FALSE
	EndGlobalSection
EndGlobal
