Microsoft Visual Studio Solution File, Format Version 11.00
# Visual Studio 2010
Project("{1EF033D0-3034-4602-AD7F-7CE7DE91F46C}") = "dgfxbase", ".dub/dgfxbase.visualdproj", "{BBCE19DF-2937-48BE-9606-1F8EF2562BE2}"
	ProjectSection(ProjectDependencies) = postProject
		{0530228B-012D-4FD6-BEC9-5E17972CACCB} = {0530228B-012D-4FD6-BEC9-5E17972CACCB}
		{9522A328-E46F-478B-BA24-10ACB312F8AF} = {9522A328-E46F-478B-BA24-10ACB312F8AF}
		{21AEDB08-DBB0-4A70-9F18-00AE8C4B8EA3} = {21AEDB08-DBB0-4A70-9F18-00AE8C4B8EA3}
	EndProjectSection
EndProject
Project("{1EF033D0-3034-4602-AD7F-7CE7DE91F46C}") = "derelict-gl3", ".dub/derelict-gl3.visualdproj", "{0530228B-012D-4FD6-BEC9-5E17972CACCB}"
EndProject
Project("{1EF033D0-3034-4602-AD7F-7CE7DE91F46C}") = "derelict-util", ".dub/derelict-util.visualdproj", "{21AEDB08-DBB0-4A70-9F18-00AE8C4B8EA3}"
EndProject
Project("{1EF033D0-3034-4602-AD7F-7CE7DE91F46C}") = "derelict-sdl2", ".dub/derelict-sdl2.visualdproj", "{9522A328-E46F-478B-BA24-10ACB312F8AF}"
EndProject
Global
	GlobalSection(SolutionConfigurationPlatforms) = preSolution
		debug|Win32 = debug|Win32
	EndGlobalSection
	GlobalSection(ProjectConfigurationPlatforms) = postSolution
		{9522A328-E46F-478B-BA24-10ACB312F8AF}.debug|Win32.ActiveCfg = debug|Win32
		{9522A328-E46F-478B-BA24-10ACB312F8AF}.debug|Win32.Build.0 = debug|Win32
		{21AEDB08-DBB0-4A70-9F18-00AE8C4B8EA3}.debug|Win32.ActiveCfg = debug|Win32
		{21AEDB08-DBB0-4A70-9F18-00AE8C4B8EA3}.debug|Win32.Build.0 = debug|Win32
		{BBCE19DF-2937-48BE-9606-1F8EF2562BE2}.debug|Win32.ActiveCfg = debug|Win32
		{BBCE19DF-2937-48BE-9606-1F8EF2562BE2}.debug|Win32.Build.0 = debug|Win32
		{0530228B-012D-4FD6-BEC9-5E17972CACCB}.debug|Win32.ActiveCfg = debug|Win32
		{0530228B-012D-4FD6-BEC9-5E17972CACCB}.debug|Win32.Build.0 = debug|Win32
	EndGlobalSection
	GlobalSection(SolutionProperties) = preSolution
		HideSolutionNode = FALSE
	EndGlobalSection
EndGlobal
